{
  "object": {
    "pins": [
      {
        "package": "MoonTool",
        "repositoryURL": "https://github.com/dylpark/MoonTool.git",
        "state": {
          "branch": "main",
          "revision": "65324dcd7717e92912fdc30e6ecf61ef7f12addf",
          "version": null
        }
      }
    ]
  },
  "version": 1
}
